
Microsoft Visual Studio Solution File, Format Version 12.00
# Visual Studio Version 17
VisualStudioVersion = 17.8.34330.188
MinimumVisualStudioVersion = 10.0.40219.1
Project("{9A19103F-16F7-4668-BE54-9A1E7A4F7556}") = "WebTrackED_CHED_MIMAROPA", "WebTrackED_CHED_MIMAROPA.csproj", "{49A42B07-E420-46E6-BE50-435451607340}"
EndProject
Global
	GlobalSection(SolutionConfigurationPlatforms) = preSolution
		Debug|Any CPU = Debug|Any CPU
		Release|Any CPU = Release|Any CPU
	EndGlobalSection
	GlobalSection(ProjectConfigurationPlatforms) = postSolution
		{49A42B07-E420-46E6-BE50-435451607340}.Debug|Any CPU.ActiveCfg = Debug|Any CPU
		{49A42B07-E420-46E6-BE50-435451607340}.Debug|Any CPU.Build.0 = Debug|Any CPU
		{49A42B07-E420-46E6-BE50-435451607340}.Release|Any CPU.ActiveCfg = Release|Any CPU
		{49A42B07-E420-46E6-BE50-435451607340}.Release|Any CPU.Build.0 = Release|Any CPU
	EndGlobalSection
	GlobalSection(SolutionProperties) = preSolution
		HideSolutionNode = FALSE
	EndGlobalSection
	GlobalSection(ExtensibilityGlobals) = postSolution
		SolutionGuid = {6A1FEEF1-D305-4A3F-ADE7-4F308F79A1B2}
	EndGlobalSection
EndGlobal
